
Microsoft Visual Studio Solution File, Format Version 12.00
# Visual Studio Version 16
VisualStudioVersion = 16.0.29009.5
MinimumVisualStudioVersion = 10.0.40219.1
Project("{FAE04EC0-301F-11D3-BF4B-00C04F79EFBC}") = "CurrencyConverterApp", "CurrencyConverterApp\CurrencyConverterApp.csproj", "{F455E70E-C57F-4ACA-87BD-4A5758641E38}"
EndProject
Global
	GlobalSection(SolutionConfigurationPlatforms) = preSolution
		Debug|Any CPU = Debug|Any CPU
		Release|Any CPU = Release|Any CPU
	EndGlobalSection
	GlobalSection(ProjectConfigurationPlatforms) = postSolution
		{F455E70E-C57F-4ACA-87BD-4A5758641E38}.Debug|Any CPU.ActiveCfg = Debug|Any CPU
		{F455E70E-C57F-4ACA-87BD-4A5758641E38}.Debug|Any CPU.Build.0 = Debug|Any CPU
		{F455E70E-C57F-4ACA-87BD-4A5758641E38}.Release|Any CPU.ActiveCfg = Release|Any CPU
		{F455E70E-C57F-4ACA-87BD-4A5758641E38}.Release|Any CPU.Build.0 = Release|Any CPU
	EndGlobalSection
	GlobalSection(SolutionProperties) = preSolution
		HideSolutionNode = FALSE
	EndGlobalSection
	GlobalSection(ExtensibilityGlobals) = postSolution
		SolutionGuid = {6F079E7B-521B-4402-A18B-4AA766A11012}
	EndGlobalSection
EndGlobal
